<Solution>
  <Folder Name="/Docker/">
    <File Path="Docker/docker-compose.yml" />
  </Folder>
  <Folder Name="/Docker/SQL/">
    <File Path="Docker/SQL/init.sql" />
  </Folder>
  <Folder Name="/Docs/">
    <File Path="Docs/ProjectStructure.md" />
  </Folder>
  <Project Path="Chinook.API/Chinook.API.csproj" />
  <Project Path="Chinook.Application/Chinook.Application.csproj" />
  <Project Path="Chinook.Domain/Chinook.Domain.csproj" />
  <Project Path="Chinook.Infrastructure/Chinook.Infrastructure.csproj" />
</Solution>
